
Microsoft Visual Studio Solution File, Format Version 12.00
# Visual Studio Version 16
VisualStudioVersion = 16.0.31729.503
MinimumVisualStudioVersion = 10.0.40219.1
Project("{FAE04EC0-301F-11D3-BF4B-00C04F79EFBC}") = "SoilCorrectionNET", "SoilCorrectionNET.csproj", "{B1B1068A-257D-4A61-AEE7-6502056ED3DA}"
EndProject
Project("{FAE04EC0-301F-11D3-BF4B-00C04F79EFBC}") = "SoilCorrectionNET_Tests", "..\SoilCorrectionNET_Tests\SoilCorrectionNET_Tests.csproj", "{FEED7F8F-3F5B-4BB4-80BE-8A68E4A257C9}"
EndProject
Global
	GlobalSection(SolutionConfigurationPlatforms) = preSolution
		Debug|Any CPU = Debug|Any CPU
		Release|Any CPU = Release|Any CPU
	EndGlobalSection
	GlobalSection(ProjectConfigurationPlatforms) = postSolution
		{B1B1068A-257D-4A61-AEE7-6502056ED3DA}.Debug|Any CPU.ActiveCfg = Debug|Any CPU
		{B1B1068A-257D-4A61-AEE7-6502056ED3DA}.Debug|Any CPU.Build.0 = Debug|Any CPU
		{B1B1068A-257D-4A61-AEE7-6502056ED3DA}.Release|Any CPU.ActiveCfg = Release|Any CPU
		{B1B1068A-257D-4A61-AEE7-6502056ED3DA}.Release|Any CPU.Build.0 = Release|Any CPU
		{FEED7F8F-3F5B-4BB4-80BE-8A68E4A257C9}.Debug|Any CPU.ActiveCfg = Debug|Any CPU
		{FEED7F8F-3F5B-4BB4-80BE-8A68E4A257C9}.Debug|Any CPU.Build.0 = Debug|Any CPU
		{FEED7F8F-3F5B-4BB4-80BE-8A68E4A257C9}.Release|Any CPU.ActiveCfg = Release|Any CPU
		{FEED7F8F-3F5B-4BB4-80BE-8A68E4A257C9}.Release|Any CPU.Build.0 = Release|Any CPU
	EndGlobalSection
	GlobalSection(SolutionProperties) = preSolution
		HideSolutionNode = FALSE
	EndGlobalSection
	GlobalSection(ExtensibilityGlobals) = postSolution
		SolutionGuid = {6139BAB6-0685-4F81-B8AD-54FD7D5E4E31}
	EndGlobalSection
EndGlobal
